{
  "requires": true,
  "lockfileVersion": 1,
  "dependencies": {
    "available-typed-arrays": {
      "version": "1.0.7",
      "resolved": "http://npm.51baiwang.com/available-typed-arrays/-/available-typed-arrays-1.0.7.tgz",
      "integrity": "sha512-wvUjBtSGN7+7SjNpq/9M2Tg350UZD3q62IFZLbRAR1bSMlCo1ZaeW+BJ+D090e4hIIZLBcTDWe4Mh4jvUDajzQ==",
      "dev": true,
      "requires": {
        "possible-typed-array-names": "^1.0.0"
      }
    },
    "call-bind": {
      "version": "1.0.8",
      "resolved": "http://npm.51baiwang.com/call-bind/-/call-bind-1.0.8.tgz",
      "integrity": "sha512-oKlSFMcMwpUg2ednkhQ454wfWiU/ul3CkJe/PEHcTKuiX6RpbehUiFMXu13HalGZxfUwCQzZG747YXBn1im9ww==",
      "dev": true,
      "requires": {
        "call-bind-apply-helpers": "^1.0.0",
        "es-define-property": "^1.0.0",
        "get-intrinsic": "^1.2.4",
        "set-function-length": "^1.2.2"
      }
    },
    "call-bind-apply-helpers": {
      "version": "1.0.1",
      "resolved": "http://npm.51baiwang.com/call-bind-apply-helpers/-/call-bind-apply-helpers-1.0.1.tgz",
      "integrity": "sha512-BhYE+WDaywFg2TBWYNXAE+8B1ATnThNBqXHP5nQu0jWJdVvY2hvkpyB3qOmtmDePiS5/BDQ8wASEWGMWRG148g==",
      "dev": true,
      "requires": {
        "es-errors": "^1.3.0",
        "function-bind": "^1.1.2"
      }
    },
    "call-bound": {
      "version": "1.0.3",
      "resolved": "http://npm.51baiwang.com/call-bound/-/call-bound-1.0.3.tgz",
      "integrity": "sha512-YTd+6wGlNlPxSuri7Y6X8tY2dmm12UMH66RpKMhiX6rsk5wXXnYgbUcOt8kiS31/AjfoTOvCsE+w8nZQLQnzHA==",
      "dev": true,
      "requires": {
        "call-bind-apply-helpers": "^1.0.1",
        "get-intrinsic": "^1.2.6"
      }
    },
    "commander": {
      "version": "2.3.0",
      "resolved": "http://npm.51baiwang.com/commander/-/commander-2.3.0.tgz",
      "integrity": "sha1-/UMOiJgy7DU7ms0d4hfBHLPu+HM=",
      "dev": true
    },
    "debug": {
      "version": "2.2.0",
      "resolved": "http://npm.51baiwang.com/debug/-/debug-2.2.0.tgz",
      "integrity": "sha1-+HBX6ZWxofauaklgZkE3vFbwOdo=",
      "dev": true,
      "requires": {
        "ms": "0.7.1"
      }
    },
    "define-data-property": {
      "version": "1.1.4",
      "resolved": "http://npm.51baiwang.com/define-data-property/-/define-data-property-1.1.4.tgz",
      "integrity": "sha512-rBMvIzlpA8v6E+SJZoo++HAYqsLrkg7MSfIinMPFhmkorw7X+dOXVJQs+QT69zGkzMyfDnIMN2Wid1+NbL3T+A==",
      "dev": true,
      "requires": {
        "es-define-property": "^1.0.0",
        "es-errors": "^1.3.0",
        "gopd": "^1.0.1"
      }
    },
    "diff": {
      "version": "1.4.0",
      "resolved": "http://npm.51baiwang.com/diff/-/diff-1.4.0.tgz",
      "integrity": "sha1-fyjS657nsVqX79ic5j3P2qPMur8=",
      "dev": true
    },
    "dunder-proto": {
      "version": "1.0.1",
      "resolved": "http://npm.51baiwang.com/dunder-proto/-/dunder-proto-1.0.1.tgz",
      "integrity": "sha512-KIN/nDJBQRcXw0MLVhZE9iQHmG68qAVIBg9CqmUYjmQIhgij9U5MFvrqkUL5FbtyyzZuOeOt0zdeRe4UY7ct+A==",
      "dev": true,
      "requires": {
        "call-bind-apply-helpers": "^1.0.1",
        "es-errors": "^1.3.0",
        "gopd": "^1.2.0"
      }
    },
    "es-define-property": {
      "version": "1.0.1",
      "resolved": "http://npm.51baiwang.com/es-define-property/-/es-define-property-1.0.1.tgz",
      "integrity": "sha512-e3nRfgfUZ4rNGL232gUgX06QNyyez04KdjFrF+LTRoOXmrOgFKDg4BCdsjW8EnT69eqdYGmRpJwiPVYNrCaW3g==",
      "dev": true
    },
    "es-errors": {
      "version": "1.3.0",
      "resolved": "http://npm.51baiwang.com/es-errors/-/es-errors-1.3.0.tgz",
      "integrity": "sha512-Zf5H2Kxt2xjTvbJvP2ZWLEICxA6j+hAmMzIlypy4xcBg1vKVnx89Wy0GbS+kf5cwCVFFzdCFh2XSCFNULS6csw==",
      "dev": true
    },
    "es-object-atoms": {
      "version": "1.0.0",
      "resolved": "http://npm.51baiwang.com/es-object-atoms/-/es-object-atoms-1.0.0.tgz",
      "integrity": "sha512-MZ4iQ6JwHOBQjahnjwaC1ZtIBH+2ohjamzAO3oaHcXYup7qxjF2fixyH+Q71voWHeOkI2q/TnJao/KfXYIZWbw==",
      "dev": true,
      "requires": {
        "es-errors": "^1.3.0"
      }
    },
    "escape-string-regexp": {
      "version": "1.0.2",
      "resolved": "http://npm.51baiwang.com/escape-string-regexp/-/escape-string-regexp-1.0.2.tgz",
      "integrity": "sha1-Tbwv5nTnGUnK8/smlc5/LcHZqNE=",
      "dev": true
    },
    "for-each": {
      "version": "0.3.3",
      "resolved": "http://npm.51baiwang.com/for-each/-/for-each-0.3.3.tgz",
      "integrity": "sha1-abRH6IoKXTLD5whPPxcQA0shN24=",
      "dev": true,
      "requires": {
        "is-callable": "^1.1.3"
      }
    },
    "formatio": {
      "version": "1.1.1",
      "resolved": "http://npm.51baiwang.com/formatio/-/formatio-1.1.1.tgz",
      "integrity": "sha1-XtPM1jZVEJc4NGXZlhmRAOhhYek=",
      "dev": true,
      "requires": {
        "samsam": "~1.1"
      }
    },
    "function-bind": {
      "version": "1.1.2",
      "resolved": "http://npm.51baiwang.com/function-bind/-/function-bind-1.1.2.tgz",
      "integrity": "sha512-7XHNxH7qX9xG5mIwxkhumTox/MIRNcOgDrxWsMt2pAr23WHp6MrRlN7FBSFpCpr+oVO0F744iUgR82nJMfG2SA==",
      "dev": true
    },
    "get-intrinsic": {
      "version": "1.2.6",
      "resolved": "http://npm.51baiwang.com/get-intrinsic/-/get-intrinsic-1.2.6.tgz",
      "integrity": "sha512-qxsEs+9A+u85HhllWJJFicJfPDhRmjzoYdl64aMWW9yRIJmSyxdn8IEkuIM530/7T+lv0TIHd8L6Q/ra0tEoeA==",
      "dev": true,
      "requires": {
        "call-bind-apply-helpers": "^1.0.1",
        "dunder-proto": "^1.0.0",
        "es-define-property": "^1.0.1",
        "es-errors": "^1.3.0",
        "es-object-atoms": "^1.0.0",
        "function-bind": "^1.1.2",
        "gopd": "^1.2.0",
        "has-symbols": "^1.1.0",
        "hasown": "^2.0.2",
        "math-intrinsics": "^1.0.0"
      }
    },
    "glob": {
      "version": "3.2.11",
      "resolved": "http://npm.51baiwang.com/glob/-/glob-3.2.11.tgz",
      "integrity": "sha1-Spc/Y1uRkPcV0QmH1cAP0oFevj0=",
      "dev": true,
      "requires": {
        "inherits": "2",
        "minimatch": "0.3"
      }
    },
    "gopd": {
      "version": "1.2.0",
      "resolved": "http://npm.51baiwang.com/gopd/-/gopd-1.2.0.tgz",
      "integrity": "sha512-ZUKRh6/kUFoAiTAtTYPZJ3hw9wNxx+BIBOijnlG9PnrJsCcSjs1wyyD6vJpaYtgnzDrKYRSqf3OO6Rfa93xsRg==",
      "dev": true
    },
    "growl": {
      "version": "1.9.2",
      "resolved": "http://npm.51baiwang.com/growl/-/growl-1.9.2.tgz",
      "integrity": "sha1-Dqd0NxXbjY3ixe3hd14bRayFwC8=",
      "dev": true
    },
    "has-property-descriptors": {
      "version": "1.0.2",
      "resolved": "http://npm.51baiwang.com/has-property-descriptors/-/has-property-descriptors-1.0.2.tgz",
      "integrity": "sha512-55JNKuIW+vq4Ke1BjOTjM2YctQIvCT7GFzHwmfZPGo5wnrgkid0YQtnAleFSqumZm4az3n2BS+erby5ipJdgrg==",
      "dev": true,
      "requires": {
        "es-define-property": "^1.0.0"
      }
    },
    "has-symbols": {
      "version": "1.1.0",
      "resolved": "http://npm.51baiwang.com/has-symbols/-/has-symbols-1.1.0.tgz",
      "integrity": "sha512-1cDNdwJ2Jaohmb3sg4OmKaMBwuC48sYni5HUw2DvsC8LjGTLK9h+eb1X6RyuOHe4hT0ULCW68iomhjUoKUqlPQ==",
      "dev": true
    },
    "has-tostringtag": {
      "version": "1.0.2",
      "resolved": "http://npm.51baiwang.com/has-tostringtag/-/has-tostringtag-1.0.2.tgz",
      "integrity": "sha512-NqADB8VjPFLM2V0VvHUewwwsw0ZWBaIdgo+ieHtK3hasLz4qeCRjYcqfB6AQrBggRKppKF8L52/VqdVsO47Dlw==",
      "dev": true,
      "requires": {
        "has-symbols": "^1.0.3"
      }
    },
    "hasown": {
      "version": "2.0.2",
      "resolved": "http://npm.51baiwang.com/hasown/-/hasown-2.0.2.tgz",
      "integrity": "sha512-0hJU9SCPvmMzIBdZFqNPXWa6dqh7WdH0cII9y+CyS8rG3nL48Bclra9HmKhVVUHyPWNH5Y7xDwAB7bfgSjkUMQ==",
      "dev": true,
      "requires": {
        "function-bind": "^1.1.2"
      }
    },
    "inherits": {
      "version": "2.0.4",
      "resolved": "http://npm.51baiwang.com/inherits/-/inherits-2.0.4.tgz",
      "integrity": "sha1-D6LGT5MpF8NDOg3tVTY6rjdBa3w=",
      "dev": true
    },
    "is-arguments": {
      "version": "1.2.0",
      "resolved": "http://npm.51baiwang.com/is-arguments/-/is-arguments-1.2.0.tgz",
      "integrity": "sha512-7bVbi0huj/wrIAOzb8U1aszg9kdi3KN/CyU19CTI7tAoZYEZoL9yCDXpbXN+uPsuWnP02cyug1gleqq+TU+YCA==",
      "dev": true,
      "requires": {
        "call-bound": "^1.0.2",
        "has-tostringtag": "^1.0.2"
      }
    },
    "is-callable": {
      "version": "1.2.7",
      "resolved": "http://npm.51baiwang.com/is-callable/-/is-callable-1.2.7.tgz",
      "integrity": "sha512-1BC0BVFhS/p0qtw6enp8e+8OD0UrK0oFLztSjNzhcKA3WDuJxxAPXzPuPtKkjEY9UUoEWlX/8fgKeu2S8i9JTA==",
      "dev": true
    },
    "is-generator-function": {
      "version": "1.0.10",
      "resolved": "http://npm.51baiwang.com/is-generator-function/-/is-generator-function-1.0.10.tgz",
      "integrity": "sha1-8VWLrxrBfg3up8BBXEODUf8rPHI=",
      "dev": true,
      "requires": {
        "has-tostringtag": "^1.0.0"
      }
    },
    "is-typed-array": {
      "version": "1.1.15",
      "resolved": "http://npm.51baiwang.com/is-typed-array/-/is-typed-array-1.1.15.tgz",
      "integrity": "sha512-p3EcsicXjit7SaskXHs1hA91QxgTw46Fv6EFKKGS5DRFLD8yKnohjF3hxoju94b/OcMZoQukzpPpBE9uLVKzgQ==",
      "dev": true,
      "requires": {
        "which-typed-array": "^1.1.16"
      }
    },
    "jade": {
      "version": "0.26.3",
      "resolved": "http://npm.51baiwang.com/jade/-/jade-0.26.3.tgz",
      "integrity": "sha1-jxDXl32NefL2/4YqgbBRPMslaGw=",
      "dev": true,
      "requires": {
        "commander": "0.6.1",
        "mkdirp": "0.3.0"
      },
      "dependencies": {
        "commander": {
          "version": "0.6.1",
          "resolved": "http://npm.51baiwang.com/commander/-/commander-0.6.1.tgz",
          "integrity": "sha1-+mihT2qUXVTbvlDYzbMyDp47GgY=",
          "dev": true
        },
        "mkdirp": {
          "version": "0.3.0",
          "resolved": "http://npm.51baiwang.com/mkdirp/-/mkdirp-0.3.0.tgz",
          "integrity": "sha1-G79asbqCevI1dRQ0kEJkVfSB/h4=",
          "dev": true
        }
      }
    },
    "lolex": {
      "version": "1.3.2",
      "resolved": "http://npm.51baiwang.com/lolex/-/lolex-1.3.2.tgz",
      "integrity": "sha1-fD2mL/yzDw9agKJWbKJORdigHzE=",
      "dev": true
    },
    "lru-cache": {
      "version": "2.7.3",
      "resolved": "http://npm.51baiwang.com/lru-cache/-/lru-cache-2.7.3.tgz",
      "integrity": "sha1-bUUk6LlV+V1PW1iFHOId1y+06VI=",
      "dev": true
    },
    "math-intrinsics": {
      "version": "1.1.0",
      "resolved": "http://npm.51baiwang.com/math-intrinsics/-/math-intrinsics-1.1.0.tgz",
      "integrity": "sha512-/IXtbwEk5HTPyEwyKX6hGkYXxM9nbj64B+ilVJnC/R6B0pH5G4V3b0pVbL7DBj4tkhBAppbQUlf6F6Xl9LHu1g==",
      "dev": true
    },
    "minimatch": {
      "version": "0.3.0",
      "resolved": "http://npm.51baiwang.com/minimatch/-/minimatch-0.3.0.tgz",
      "integrity": "sha1-J12O2qxPG7MyZHIInnlJyDlGmd0=",
      "dev": true,
      "requires": {
        "lru-cache": "2",
        "sigmund": "~1.0.0"
      }
    },
    "minimist": {
      "version": "0.0.8",
      "resolved": "http://npm.51baiwang.com/minimist/-/minimist-0.0.8.tgz",
      "integrity": "sha1-hX/Kv8M5fSYluCKCYuhqp6ARsF0=",
      "dev": true
    },
    "mkdirp": {
      "version": "0.5.1",
      "resolved": "http://npm.51baiwang.com/mkdirp/-/mkdirp-0.5.1.tgz",
      "integrity": "sha1-MAV0OOrGz3+MR2fzhkjWaX11yQM=",
      "dev": true,
      "requires": {
        "minimist": "0.0.8"
      }
    },
    "mocha": {
      "version": "2.5.3",
      "resolved": "http://npm.51baiwang.com/mocha/-/mocha-2.5.3.tgz",
      "integrity": "sha1-FhvlvetJZ3HrmzV0UFC2IrWu/Fg=",
      "dev": true,
      "requires": {
        "commander": "2.3.0",
        "debug": "2.2.0",
        "diff": "1.4.0",
        "escape-string-regexp": "1.0.2",
        "glob": "3.2.11",
        "growl": "1.9.2",
        "jade": "0.26.3",
        "mkdirp": "0.5.1",
        "supports-color": "1.2.0",
        "to-iso-string": "0.0.2"
      }
    },
    "ms": {
      "version": "0.7.1",
      "resolved": "http://npm.51baiwang.com/ms/-/ms-0.7.1.tgz",
      "integrity": "sha1-nNE8A62/8ltl7/3nzoZO6VIBcJg=",
      "dev": true
    },
    "possible-typed-array-names": {
      "version": "1.0.0",
      "resolved": "http://npm.51baiwang.com/possible-typed-array-names/-/possible-typed-array-names-1.0.0.tgz",
      "integrity": "sha512-d7Uw+eZoloe0EHDIYoe+bQ5WXnGMOpmiZFTuMWCwpjzzkL2nTjcKiAk4hh8TjnGye2TwWOk3UXucZ+3rbmBa8Q==",
      "dev": true
    },
    "promises-aplus-tests": {
      "version": "2.1.2",
      "resolved": "http://npm.51baiwang.com/promises-aplus-tests/-/promises-aplus-tests-2.1.2.tgz",
      "integrity": "sha1-drfFY4locghhlpz7zYeVr9J0iFw=",
      "dev": true,
      "requires": {
        "mocha": "^2.5.3",
        "sinon": "^1.10.3",
        "underscore": "~1.8.3"
      }
    },
    "samsam": {
      "version": "1.1.2",
      "resolved": "http://npm.51baiwang.com/samsam/-/samsam-1.1.2.tgz",
      "integrity": "sha1-vsEf3IOp/aBjQBIQ5AF2wwJNFWc=",
      "dev": true
    },
    "set-function-length": {
      "version": "1.2.2",
      "resolved": "http://npm.51baiwang.com/set-function-length/-/set-function-length-1.2.2.tgz",
      "integrity": "sha512-pgRc4hJ4/sNjWCSS9AmnS40x3bNMDTknHgL5UaMBTMyJnU90EgWh1Rz+MC9eFu4BuN/UwZjKQuY/1v3rM7HMfg==",
      "dev": true,
      "requires": {
        "define-data-property": "^1.1.4",
        "es-errors": "^1.3.0",
        "function-bind": "^1.1.2",
        "get-intrinsic": "^1.2.4",
        "gopd": "^1.0.1",
        "has-property-descriptors": "^1.0.2"
      }
    },
    "sigmund": {
      "version": "1.0.1",
      "resolved": "http://npm.51baiwang.com/sigmund/-/sigmund-1.0.1.tgz",
      "integrity": "sha1-P/IfGYytIXX587eBhT/ZTQ0ZtZA=",
      "dev": true
    },
    "sinon": {
      "version": "1.17.7",
      "resolved": "http://npm.51baiwang.com/sinon/-/sinon-1.17.7.tgz",
      "integrity": "sha1-RUKk9JugxFwF6y6d2dID4rjv4L8=",
      "dev": true,
      "requires": {
        "formatio": "1.1.1",
        "lolex": "1.3.2",
        "samsam": "1.1.2",
        "util": ">=0.10.3 <1"
      }
    },
    "supports-color": {
      "version": "1.2.0",
      "resolved": "http://npm.51baiwang.com/supports-color/-/supports-color-1.2.0.tgz",
      "integrity": "sha1-/x7R5hFp0Gs88tWI4YixjYhH4X4=",
      "dev": true
    },
    "to-iso-string": {
      "version": "0.0.2",
      "resolved": "http://npm.51baiwang.com/to-iso-string/-/to-iso-string-0.0.2.tgz",
      "integrity": "sha1-TcGeZk38y+Jb2NtQiwDG2hWCVdE=",
      "dev": true
    },
    "underscore": {
      "version": "1.8.3",
      "resolved": "http://npm.51baiwang.com/underscore/-/underscore-1.8.3.tgz",
      "integrity": "sha1-Tz+1OxBuYJf8+ctBCfKl6b36UCI=",
      "dev": true
    },
    "util": {
      "version": "0.12.5",
      "resolved": "http://npm.51baiwang.com/util/-/util-0.12.5.tgz",
      "integrity": "sha512-kZf/K6hEIrWHI6XqOFUiiMa+79wE/D8Q+NCNAWclkyg3b4d2k7s0QGepNjiABc+aR3N1PAyHL7p6UcLY6LmrnA==",
      "dev": true,
      "requires": {
        "inherits": "^2.0.3",
        "is-arguments": "^1.0.4",
        "is-generator-function": "^1.0.7",
        "is-typed-array": "^1.1.3",
        "which-typed-array": "^1.1.2"
      }
    },
    "which-typed-array": {
      "version": "1.1.18",
      "resolved": "http://npm.51baiwang.com/which-typed-array/-/which-typed-array-1.1.18.tgz",
      "integrity": "sha512-qEcY+KJYlWyLH9vNbsr6/5j59AXk5ni5aakf8ldzBvGde6Iz4sxZGkJyWSAueTG7QhOvNRYb1lDdFmL5Td0QKA==",
      "dev": true,
      "requires": {
        "available-typed-arrays": "^1.0.7",
        "call-bind": "^1.0.8",
        "call-bound": "^1.0.3",
        "for-each": "^0.3.3",
        "gopd": "^1.2.0",
        "has-tostringtag": "^1.0.2"
      }
    }
  }
}
